// !$*UTF8*$!
{
	archiveVersion = 1;
	classes = {
	};
	objectVersion = 51;
	objects = {

/* Begin PBXBuildFile section */
		2723B9CC2685D3EE00D88FCE /* LiteKitOCRView.m in Sources */ = {isa = PBXBuildFile; fileRef = 2723B9C72685D3EE00D88FCE /* LiteKitOCRView.m */; };
		2723B9CD2685D3EE00D88FCE /* LiteKitOCRViewController.mm in Sources */ = {isa = PBXBuildFile; fileRef = 2723B9C82685D3EE00D88FCE /* LiteKitOCRViewController.mm */; };
		2723B9CE2685D3EE00D88FCE /* LiteKitPhotoSelector.m in Sources */ = {isa = PBXBuildFile; fileRef = 2723B9CB2685D3EE00D88FCE /* LiteKitPhotoSelector.m */; };
		2723B9D22685D4C300D88FCE /* bg_ocr.jpeg in Resources */ = {isa = PBXBuildFile; fileRef = 2723B9CF2685D4C300D88FCE /* bg_ocr.jpeg */; };
		2723B9D32685D4C300D88FCE /* test_OCR_0.jpg in Resources */ = {isa = PBXBuildFile; fileRef = 2723B9D02685D4C300D88FCE /* test_OCR_0.jpg */; };
		2723B9D42685D4C300D88FCE /* test_PortraitSegmentation.png in Resources */ = {isa = PBXBuildFile; fileRef = 2723B9D12685D4C300D88FCE /* test_PortraitSegmentation.png */; };
		BC158F9124BC494C00308245 /* SuperResolutionViewController.mm in Sources */ = {isa = PBXBuildFile; fileRef = BC158F9024BC494C00308245 /* SuperResolutionViewController.mm */; };
		BC158FA324BC60EA00308245 /* test-SuperResolution.jpeg in Resources */ = {isa = PBXBuildFile; fileRef = BC158FA224BC60EA00308245 /* test-SuperResolution.jpeg */; };
		BC6A82E724ADADAA000E9480 /* AppDelegate.mm in Sources */ = {isa = PBXBuildFile; fileRef = BC6A82E624ADADAA000E9480 /* AppDelegate.mm */; };
		BC6A82ED24ADADAA000E9480 /* ViewController.m in Sources */ = {isa = PBXBuildFile; fileRef = BC6A82EC24ADADAA000E9480 /* ViewController.m */; };
		BC6A82F024ADADAA000E9480 /* Main.storyboard in Resources */ = {isa = PBXBuildFile; fileRef = BC6A82EE24ADADAA000E9480 /* Main.storyboard */; };
		BC6A82F224ADADAF000E9480 /* Assets.xcassets in Resources */ = {isa = PBXBuildFile; fileRef = BC6A82F124ADADAF000E9480 /* Assets.xcassets */; };
		BC6A82F524ADADAF000E9480 /* LaunchScreen.storyboard in Resources */ = {isa = PBXBuildFile; fileRef = BC6A82F324ADADAF000E9480 /* LaunchScreen.storyboard */; };
		BC6A82F824ADADAF000E9480 /* main.m in Sources */ = {isa = PBXBuildFile; fileRef = BC6A82F724ADADAF000E9480 /* main.m */; };
		BC6A830724ADC511000E9480 /* HandGestureViewController.m in Sources */ = {isa = PBXBuildFile; fileRef = BC6A830624ADC511000E9480 /* HandGestureViewController.m */; };
		BC6A830A24ADC526000E9480 /* SegmentationViewController.mm in Sources */ = {isa = PBXBuildFile; fileRef = BC6A830924ADC526000E9480 /* SegmentationViewController.mm */; };
		BC6A830D24ADC9D5000E9480 /* BaseViewController.m in Sources */ = {isa = PBXBuildFile; fileRef = BC6A830C24ADC9D5000E9480 /* BaseViewController.m */; };
		BC6A831024ADCE90000E9480 /* BaseDetectView.m in Sources */ = {isa = PBXBuildFile; fileRef = BC6A830F24ADCE90000E9480 /* BaseDetectView.m */; };
		BC6A834824AE2458000E9480 /* HandGestureRecognizeView.m in Sources */ = {isa = PBXBuildFile; fileRef = BC6A834724AE2458000E9480 /* HandGestureRecognizeView.m */; };
		BC6A834B24AE3B65000E9480 /* HandGestureImageViewController.m in Sources */ = {isa = PBXBuildFile; fileRef = BC6A834A24AE3B65000E9480 /* HandGestureImageViewController.m */; };
		BC6A835924AF676C000E9480 /* test-HandGesture.jpg in Resources */ = {isa = PBXBuildFile; fileRef = BC6A835824AF676C000E9480 /* test-HandGesture.jpg */; };
		BC6A835B24AF67C4000E9480 /* litekit-swift.swift in Sources */ = {isa = PBXBuildFile; fileRef = BC6A835A24AF67C4000E9480 /* litekit-swift.swift */; };
		BCCB6C5624F816CC00884353 /* bg_gesture.jpeg in Resources */ = {isa = PBXBuildFile; fileRef = BCCB6C5324F816CC00884353 /* bg_gesture.jpeg */; };
		BCCB6C5724F816CC00884353 /* bg_super_resolution.jpeg in Resources */ = {isa = PBXBuildFile; fileRef = BCCB6C5424F816CC00884353 /* bg_super_resolution.jpeg */; };
		BCCB6C5824F816CC00884353 /* bg_portrait.jpeg in Resources */ = {isa = PBXBuildFile; fileRef = BCCB6C5524F816CC00884353 /* bg_portrait.jpeg */; };
		BCFDE3A824C9B6B5001A263A /* SegmentationImageViewController.mm in Sources */ = {isa = PBXBuildFile; fileRef = BCFDE3A724C9B6B5001A263A /* SegmentationImageViewController.mm */; };
		CEEBF5C0ADA4B8596D8587A9 /* libPods-LiteKitDemo.a in Frameworks */ = {isa = PBXBuildFile; fileRef = 93B2B4E2CF48D285859FC8CB /* libPods-LiteKitDemo.a */; };
/* End PBXBuildFile section */

/* Begin PBXCopyFilesBuildPhase section */
		BCFDE3CC24C9BAD3001A263A /* Embed Frameworks */ = {
			isa = PBXCopyFilesBuildPhase;
			buildActionMask = 2147483647;
			dstPath = "";
			dstSubfolderSpec = 10;
			files = (
			);
			name = "Embed Frameworks";
			runOnlyForDeploymentPostprocessing = 0;
		};
/* End PBXCopyFilesBuildPhase section */

/* Begin PBXFileReference section */
		2723B9C62685D3EE00D88FCE /* LiteKitPhotoSelector.h */ = {isa = PBXFileReference; fileEncoding = 4; lastKnownFileType = sourcecode.c.h; path = LiteKitPhotoSelector.h; sourceTree = "<group>"; };
		2723B9C72685D3EE00D88FCE /* LiteKitOCRView.m */ = {isa = PBXFileReference; fileEncoding = 4; lastKnownFileType = sourcecode.c.objc; path = LiteKitOCRView.m; sourceTree = "<group>"; };
		2723B9C82685D3EE00D88FCE /* LiteKitOCRViewController.mm */ = {isa = PBXFileReference; fileEncoding = 4; lastKnownFileType = sourcecode.cpp.objcpp; path = LiteKitOCRViewController.mm; sourceTree = "<group>"; };
		2723B9C92685D3EE00D88FCE /* LiteKitOCRViewController.h */ = {isa = PBXFileReference; fileEncoding = 4; lastKnownFileType = sourcecode.c.h; path = LiteKitOCRViewController.h; sourceTree = "<group>"; };
		2723B9CA2685D3EE00D88FCE /* LiteKitOCRView.h */ = {isa = PBXFileReference; fileEncoding = 4; lastKnownFileType = sourcecode.c.h; path = LiteKitOCRView.h; sourceTree = "<group>"; };
		2723B9CB2685D3EE00D88FCE /* LiteKitPhotoSelector.m */ = {isa = PBXFileReference; fileEncoding = 4; lastKnownFileType = sourcecode.c.objc; path = LiteKitPhotoSelector.m; sourceTree = "<group>"; };
		2723B9CF2685D4C300D88FCE /* bg_ocr.jpeg */ = {isa = PBXFileReference; lastKnownFileType = image.jpeg; path = bg_ocr.jpeg; sourceTree = "<group>"; };
		2723B9D02685D4C300D88FCE /* test_OCR_0.jpg */ = {isa = PBXFileReference; lastKnownFileType = image.jpeg; path = test_OCR_0.jpg; sourceTree = "<group>"; };
		2723B9D12685D4C300D88FCE /* test_PortraitSegmentation.png */ = {isa = PBXFileReference; lastKnownFileType = image.png; path = test_PortraitSegmentation.png; sourceTree = "<group>"; };
		93B2B4E2CF48D285859FC8CB /* libPods-LiteKitDemo.a */ = {isa = PBXFileReference; explicitFileType = archive.ar; includeInIndex = 0; path = "libPods-LiteKitDemo.a"; sourceTree = BUILT_PRODUCTS_DIR; };
		A32FF356C3EBCAD794D931D0 /* Pods-LiteKitDemo.release.xcconfig */ = {isa = PBXFileReference; includeInIndex = 1; lastKnownFileType = text.xcconfig; name = "Pods-LiteKitDemo.release.xcconfig"; path = "Target Support Files/Pods-LiteKitDemo/Pods-LiteKitDemo.release.xcconfig"; sourceTree = "<group>"; };
		BC158F8F24BC494C00308245 /* SuperResolutionViewController.h */ = {isa = PBXFileReference; lastKnownFileType = sourcecode.c.h; path = SuperResolutionViewController.h; sourceTree = "<group>"; };
		BC158F9024BC494C00308245 /* SuperResolutionViewController.mm */ = {isa = PBXFileReference; lastKnownFileType = sourcecode.cpp.objcpp; path = SuperResolutionViewController.mm; sourceTree = "<group>"; };
		BC158FA224BC60EA00308245 /* test-SuperResolution.jpeg */ = {isa = PBXFileReference; lastKnownFileType = image.jpeg; path = "test-SuperResolution.jpeg"; sourceTree = "<group>"; };
		BC6A82E224ADADAA000E9480 /* LiteKitDemo.app */ = {isa = PBXFileReference; explicitFileType = wrapper.application; includeInIndex = 0; path = LiteKitDemo.app; sourceTree = BUILT_PRODUCTS_DIR; };
		BC6A82E524ADADAA000E9480 /* AppDelegate.h */ = {isa = PBXFileReference; lastKnownFileType = sourcecode.c.h; path = AppDelegate.h; sourceTree = "<group>"; };
		BC6A82E624ADADAA000E9480 /* AppDelegate.mm */ = {isa = PBXFileReference; lastKnownFileType = sourcecode.cpp.objcpp; path = AppDelegate.mm; sourceTree = "<group>"; };
		BC6A82EB24ADADAA000E9480 /* ViewController.h */ = {isa = PBXFileReference; lastKnownFileType = sourcecode.c.h; path = ViewController.h; sourceTree = "<group>"; };
		BC6A82EC24ADADAA000E9480 /* ViewController.m */ = {isa = PBXFileReference; lastKnownFileType = sourcecode.c.objc; path = ViewController.m; sourceTree = "<group>"; };
		BC6A82EF24ADADAA000E9480 /* Base */ = {isa = PBXFileReference; lastKnownFileType = file.storyboard; name = Base; path = Base.lproj/Main.storyboard; sourceTree = "<group>"; };
		BC6A82F124ADADAF000E9480 /* Assets.xcassets */ = {isa = PBXFileReference; lastKnownFileType = folder.assetcatalog; path = Assets.xcassets; sourceTree = "<group>"; };
		BC6A82F424ADADAF000E9480 /* Base */ = {isa = PBXFileReference; lastKnownFileType = file.storyboard; name = Base; path = Base.lproj/LaunchScreen.storyboard; sourceTree = "<group>"; };
		BC6A82F624ADADAF000E9480 /* Info.plist */ = {isa = PBXFileReference; lastKnownFileType = text.plist.xml; path = Info.plist; sourceTree = "<group>"; };
		BC6A82F724ADADAF000E9480 /* main.m */ = {isa = PBXFileReference; lastKnownFileType = sourcecode.c.objc; path = main.m; sourceTree = "<group>"; };
		BC6A830524ADC511000E9480 /* HandGestureViewController.h */ = {isa = PBXFileReference; lastKnownFileType = sourcecode.c.h; path = HandGestureViewController.h; sourceTree = "<group>"; };
		BC6A830624ADC511000E9480 /* HandGestureViewController.m */ = {isa = PBXFileReference; lastKnownFileType = sourcecode.c.objc; path = HandGestureViewController.m; sourceTree = "<group>"; };
		BC6A830824ADC526000E9480 /* SegmentationViewController.h */ = {isa = PBXFileReference; lastKnownFileType = sourcecode.c.h; path = SegmentationViewController.h; sourceTree = "<group>"; };
		BC6A830924ADC526000E9480 /* SegmentationViewController.mm */ = {isa = PBXFileReference; lastKnownFileType = sourcecode.cpp.objcpp; path = SegmentationViewController.mm; sourceTree = "<group>"; };
		BC6A830B24ADC9D5000E9480 /* BaseViewController.h */ = {isa = PBXFileReference; lastKnownFileType = sourcecode.c.h; path = BaseViewController.h; sourceTree = "<group>"; };
		BC6A830C24ADC9D5000E9480 /* BaseViewController.m */ = {isa = PBXFileReference; lastKnownFileType = sourcecode.c.objc; path = BaseViewController.m; sourceTree = "<group>"; };
		BC6A830E24ADCE90000E9480 /* BaseDetectView.h */ = {isa = PBXFileReference; lastKnownFileType = sourcecode.c.h; path = BaseDetectView.h; sourceTree = "<group>"; };
		BC6A830F24ADCE90000E9480 /* BaseDetectView.m */ = {isa = PBXFileReference; lastKnownFileType = sourcecode.c.objc; path = BaseDetectView.m; sourceTree = "<group>"; };
		BC6A832324AE161B000E9480 /* LiteKitDemo-Bridging-Header.h */ = {isa = PBXFileReference; lastKnownFileType = sourcecode.c.h; path = "LiteKitDemo-Bridging-Header.h"; sourceTree = "<group>"; };
		BC6A834324AE1D54000E9480 /* libz.tbd */ = {isa = PBXFileReference; lastKnownFileType = "sourcecode.text-based-dylib-definition"; name = libz.tbd; path = usr/lib/libz.tbd; sourceTree = SDKROOT; };
		BC6A834624AE2458000E9480 /* HandGestureRecognizeView.h */ = {isa = PBXFileReference; lastKnownFileType = sourcecode.c.h; path = HandGestureRecognizeView.h; sourceTree = "<group>"; };
		BC6A834724AE2458000E9480 /* HandGestureRecognizeView.m */ = {isa = PBXFileReference; lastKnownFileType = sourcecode.c.objc; path = HandGestureRecognizeView.m; sourceTree = "<group>"; };
		BC6A834924AE3B65000E9480 /* HandGestureImageViewController.h */ = {isa = PBXFileReference; lastKnownFileType = sourcecode.c.h; path = HandGestureImageViewController.h; sourceTree = "<group>"; };
		BC6A834A24AE3B65000E9480 /* HandGestureImageViewController.m */ = {isa = PBXFileReference; lastKnownFileType = sourcecode.c.objc; path = HandGestureImageViewController.m; sourceTree = "<group>"; };
		BC6A835824AF676C000E9480 /* test-HandGesture.jpg */ = {isa = PBXFileReference; lastKnownFileType = image.jpeg; path = "test-HandGesture.jpg"; sourceTree = "<group>"; };
		BC6A835A24AF67C4000E9480 /* litekit-swift.swift */ = {isa = PBXFileReference; fileEncoding = 4; lastKnownFileType = sourcecode.swift; path = "litekit-swift.swift"; sourceTree = "<group>"; };
		BCCB6C5324F816CC00884353 /* bg_gesture.jpeg */ = {isa = PBXFileReference; lastKnownFileType = image.jpeg; path = bg_gesture.jpeg; sourceTree = "<group>"; };
		BCCB6C5424F816CC00884353 /* bg_super_resolution.jpeg */ = {isa = PBXFileReference; lastKnownFileType = image.jpeg; path = bg_super_resolution.jpeg; sourceTree = "<group>"; };
		BCCB6C5524F816CC00884353 /* bg_portrait.jpeg */ = {isa = PBXFileReference; lastKnownFileType = image.jpeg; path = bg_portrait.jpeg; sourceTree = "<group>"; };
		BCFDE3A624C9B6B5001A263A /* SegmentationImageViewController.h */ = {isa = PBXFileReference; lastKnownFileType = sourcecode.c.h; path = SegmentationImageViewController.h; sourceTree = "<group>"; };
		BCFDE3A724C9B6B5001A263A /* SegmentationImageViewController.mm */ = {isa = PBXFileReference; lastKnownFileType = sourcecode.cpp.objcpp; path = SegmentationImageViewController.mm; sourceTree = "<group>"; };
		FC3C7F89767BFED528745DE8 /* Pods-LiteKitDemo.debug.xcconfig */ = {isa = PBXFileReference; includeInIndex = 1; lastKnownFileType = text.xcconfig; name = "Pods-LiteKitDemo.debug.xcconfig"; path = "Target Support Files/Pods-LiteKitDemo/Pods-LiteKitDemo.debug.xcconfig"; sourceTree = "<group>"; };
/* End PBXFileReference section */

/* Begin PBXFrameworksBuildPhase section */
		BC6A82DF24ADADAA000E9480 /* Frameworks */ = {
			isa = PBXFrameworksBuildPhase;
			buildActionMask = 2147483647;
			files = (
				CEEBF5C0ADA4B8596D8587A9 /* libPods-LiteKitDemo.a in Frameworks */,
			);
			runOnlyForDeploymentPostprocessing = 0;
		};
/* End PBXFrameworksBuildPhase section */

/* Begin PBXGroup section */
		2723B9C52685D3EE00D88FCE /* OCR */ = {
			isa = PBXGroup;
			children = (
				2723B9C82685D3EE00D88FCE /* LiteKitOCRViewController.mm */,
				2723B9C92685D3EE00D88FCE /* LiteKitOCRViewController.h */,
				2723B9CA2685D3EE00D88FCE /* LiteKitOCRView.h */,
				2723B9C72685D3EE00D88FCE /* LiteKitOCRView.m */,
				2723B9C62685D3EE00D88FCE /* LiteKitPhotoSelector.h */,
				2723B9CB2685D3EE00D88FCE /* LiteKitPhotoSelector.m */,
			);
			path = OCR;
			sourceTree = "<group>";
		};
		6E994EF212A5736169C8F673 /* Pods */ = {
			isa = PBXGroup;
			children = (
				FC3C7F89767BFED528745DE8 /* Pods-LiteKitDemo.debug.xcconfig */,
				A32FF356C3EBCAD794D931D0 /* Pods-LiteKitDemo.release.xcconfig */,
			);
			path = Pods;
			sourceTree = "<group>";
		};
		BC158F8E24BC491C00308245 /* SuperResolution */ = {
			isa = PBXGroup;
			children = (
				BC158F8F24BC494C00308245 /* SuperResolutionViewController.h */,
				BC158F9024BC494C00308245 /* SuperResolutionViewController.mm */,
			);
			path = SuperResolution;
			sourceTree = "<group>";
		};
		BC6A82D924ADADAA000E9480 = {
			isa = PBXGroup;
			children = (
				BC6A82E424ADADAA000E9480 /* LiteKitDemo */,
				BC6A82E324ADADAA000E9480 /* Products */,
				BC6A831E24AE14A9000E9480 /* Frameworks */,
				6E994EF212A5736169C8F673 /* Pods */,
			);
			sourceTree = "<group>";
		};
		BC6A82E324ADADAA000E9480 /* Products */ = {
			isa = PBXGroup;
			children = (
				BC6A82E224ADADAA000E9480 /* LiteKitDemo.app */,
			);
			name = Products;
			sourceTree = "<group>";
		};
		BC6A82E424ADADAA000E9480 /* LiteKitDemo */ = {
			isa = PBXGroup;
			children = (
				2723B9C52685D3EE00D88FCE /* OCR */,
				BC6A82FE24ADC46C000E9480 /* base */,
				BC6A82FF24ADC46C000E9480 /* HandGesture */,
				BC6A830024ADC46C000E9480 /* Segmentation */,
				BC158F8E24BC491C00308245 /* SuperResolution */,
				BC6A82E524ADADAA000E9480 /* AppDelegate.h */,
				BC6A82E624ADADAA000E9480 /* AppDelegate.mm */,
				BC6A82EB24ADADAA000E9480 /* ViewController.h */,
				BC6A82EC24ADADAA000E9480 /* ViewController.m */,
				BC6A835A24AF67C4000E9480 /* litekit-swift.swift */,
				BC6A832324AE161B000E9480 /* LiteKitDemo-Bridging-Header.h */,
				BC6A82EE24ADADAA000E9480 /* Main.storyboard */,
				BC6A82F124ADADAF000E9480 /* Assets.xcassets */,
				BC6A82F324ADADAF000E9480 /* LaunchScreen.storyboard */,
				BC6A82F624ADADAF000E9480 /* Info.plist */,
				BC6A82F724ADADAF000E9480 /* main.m */,
				BC6A831124AE0386000E9480 /* resource */,
			);
			path = LiteKitDemo;
			sourceTree = "<group>";
		};
		BC6A82FE24ADC46C000E9480 /* base */ = {
			isa = PBXGroup;
			children = (
				BC6A830B24ADC9D5000E9480 /* BaseViewController.h */,
				BC6A830C24ADC9D5000E9480 /* BaseViewController.m */,
				BC6A830E24ADCE90000E9480 /* BaseDetectView.h */,
				BC6A830F24ADCE90000E9480 /* BaseDetectView.m */,
			);
			path = base;
			sourceTree = "<group>";
		};
		BC6A82FF24ADC46C000E9480 /* HandGesture */ = {
			isa = PBXGroup;
			children = (
				BC6A830524ADC511000E9480 /* HandGestureViewController.h */,
				BC6A830624ADC511000E9480 /* HandGestureViewController.m */,
				BC6A834624AE2458000E9480 /* HandGestureRecognizeView.h */,
				BC6A834724AE2458000E9480 /* HandGestureRecognizeView.m */,
				BC6A834924AE3B65000E9480 /* HandGestureImageViewController.h */,
				BC6A834A24AE3B65000E9480 /* HandGestureImageViewController.m */,
			);
			path = HandGesture;
			sourceTree = "<group>";
		};
		BC6A830024ADC46C000E9480 /* Segmentation */ = {
			isa = PBXGroup;
			children = (
				BC6A830824ADC526000E9480 /* SegmentationViewController.h */,
				BC6A830924ADC526000E9480 /* SegmentationViewController.mm */,
				BCFDE3A624C9B6B5001A263A /* SegmentationImageViewController.h */,
				BCFDE3A724C9B6B5001A263A /* SegmentationImageViewController.mm */,
			);
			path = Segmentation;
			sourceTree = "<group>";
		};
		BC6A831124AE0386000E9480 /* resource */ = {
			isa = PBXGroup;
			children = (
				2723B9D02685D4C300D88FCE /* test_OCR_0.jpg */,
				2723B9CF2685D4C300D88FCE /* bg_ocr.jpeg */,
				2723B9D12685D4C300D88FCE /* test_PortraitSegmentation.png */,
				BCCB6C5324F816CC00884353 /* bg_gesture.jpeg */,
				BCCB6C5524F816CC00884353 /* bg_portrait.jpeg */,
				BCCB6C5424F816CC00884353 /* bg_super_resolution.jpeg */,
				BC6A835824AF676C000E9480 /* test-HandGesture.jpg */,
				BC158FA224BC60EA00308245 /* test-SuperResolution.jpeg */,
			);
			path = resource;
			sourceTree = "<group>";
		};
		BC6A831E24AE14A9000E9480 /* Frameworks */ = {
			isa = PBXGroup;
			children = (
				BC6A834324AE1D54000E9480 /* libz.tbd */,
				93B2B4E2CF48D285859FC8CB /* libPods-LiteKitDemo.a */,
			);
			name = Frameworks;
			sourceTree = "<group>";
		};
/* End PBXGroup section */

/* Begin PBXNativeTarget section */
		BC6A82E124ADADAA000E9480 /* LiteKitDemo */ = {
			isa = PBXNativeTarget;
			buildConfigurationList = BC6A82FB24ADADAF000E9480 /* Build configuration list for PBXNativeTarget "LiteKitDemo" */;
			buildPhases = (
				AC141437127042AED01D02CA /* [CP] Check Pods Manifest.lock */,
				BC6A82DE24ADADAA000E9480 /* Sources */,
				BC6A82DF24ADADAA000E9480 /* Frameworks */,
				BC6A82E024ADADAA000E9480 /* Resources */,
				BCFDE3CC24C9BAD3001A263A /* Embed Frameworks */,
				7ADA09380A4D0EB43956544C /* [CP] Embed Pods Frameworks */,
				E23CF0D45FCD9CC8395DF281 /* [CP] Copy Pods Resources */,
			);
			buildRules = (
			);
			dependencies = (
			);
			name = LiteKitDemo;
			productName = MMLKitDemo;
			productReference = BC6A82E224ADADAA000E9480 /* LiteKitDemo.app */;
			productType = "com.apple.product-type.application";
		};
/* End PBXNativeTarget section */

/* Begin PBXProject section */
		BC6A82DA24ADADAA000E9480 /* Project object */ = {
			isa = PBXProject;
			attributes = {
				LastUpgradeCheck = 1140;
				ORGANIZATIONNAME = MMLKit;
				TargetAttributes = {
					BC6A82E124ADADAA000E9480 = {
						CreatedOnToolsVersion = 11.4;
						LastSwiftMigration = 1140;
					};
				};
			};
			buildConfigurationList = BC6A82DD24ADADAA000E9480 /* Build configuration list for PBXProject "LiteKitDemo" */;
			compatibilityVersion = "Xcode 9.3";
			developmentRegion = en;
			hasScannedForEncodings = 0;
			knownRegions = (
				en,
				Base,
			);
			mainGroup = BC6A82D924ADADAA000E9480;
			productRefGroup = BC6A82E324ADADAA000E9480 /* Products */;
			projectDirPath = "";
			projectRoot = "";
			targets = (
				BC6A82E124ADADAA000E9480 /* LiteKitDemo */,
			);
		};
/* End PBXProject section */

/* Begin PBXResourcesBuildPhase section */
		BC6A82E024ADADAA000E9480 /* Resources */ = {
			isa = PBXResourcesBuildPhase;
			buildActionMask = 2147483647;
			files = (
				BCCB6C5724F816CC00884353 /* bg_super_resolution.jpeg in Resources */,
				BC6A835924AF676C000E9480 /* test-HandGesture.jpg in Resources */,
				BC158FA324BC60EA00308245 /* test-SuperResolution.jpeg in Resources */,
				2723B9D42685D4C300D88FCE /* test_PortraitSegmentation.png in Resources */,
				BC6A82F524ADADAF000E9480 /* LaunchScreen.storyboard in Resources */,
				BCCB6C5624F816CC00884353 /* bg_gesture.jpeg in Resources */,
				BC6A82F224ADADAF000E9480 /* Assets.xcassets in Resources */,
				2723B9D32685D4C300D88FCE /* test_OCR_0.jpg in Resources */,
				2723B9D22685D4C300D88FCE /* bg_ocr.jpeg in Resources */,
				BC6A82F024ADADAA000E9480 /* Main.storyboard in Resources */,
				BCCB6C5824F816CC00884353 /* bg_portrait.jpeg in Resources */,
			);
			runOnlyForDeploymentPostprocessing = 0;
		};
/* End PBXResourcesBuildPhase section */

/* Begin PBXShellScriptBuildPhase section */
		7ADA09380A4D0EB43956544C /* [CP] Embed Pods Frameworks */ = {
			isa = PBXShellScriptBuildPhase;
			buildActionMask = 2147483647;
			files = (
			);
			inputFileListPaths = (
				"${PODS_ROOT}/Target Support Files/Pods-LiteKitDemo/Pods-LiteKitDemo-frameworks-${CONFIGURATION}-input-files.xcfilelist",
			);
			name = "[CP] Embed Pods Frameworks";
			outputFileListPaths = (
				"${PODS_ROOT}/Target Support Files/Pods-LiteKitDemo/Pods-LiteKitDemo-frameworks-${CONFIGURATION}-output-files.xcfilelist",
			);
			runOnlyForDeploymentPostprocessing = 0;
			shellPath = /bin/sh;
			shellScript = "\"${PODS_ROOT}/Target Support Files/Pods-LiteKitDemo/Pods-LiteKitDemo-frameworks.sh\"\n";
			showEnvVarsInLog = 0;
		};
		AC141437127042AED01D02CA /* [CP] Check Pods Manifest.lock */ = {
			isa = PBXShellScriptBuildPhase;
			buildActionMask = 2147483647;
			files = (
			);
			inputFileListPaths = (
			);
			inputPaths = (
				"${PODS_PODFILE_DIR_PATH}/Podfile.lock",
				"${PODS_ROOT}/Manifest.lock",
			);
			name = "[CP] Check Pods Manifest.lock";
			outputFileListPaths = (
			);
			outputPaths = (
				"$(DERIVED_FILE_DIR)/Pods-LiteKitDemo-checkManifestLockResult.txt",
			);
			runOnlyForDeploymentPostprocessing = 0;
			shellPath = /bin/sh;
			shellScript = "diff \"${PODS_PODFILE_DIR_PATH}/Podfile.lock\" \"${PODS_ROOT}/Manifest.lock\" > /dev/null\nif [ $? != 0 ] ; then\n    # print error to STDERR\n    echo \"error: The sandbox is not in sync with the Podfile.lock. Run 'pod install' or update your CocoaPods installation.\" >&2\n    exit 1\nfi\n# This output is used by Xcode 'outputs' to avoid re-running this script phase.\necho \"SUCCESS\" > \"${SCRIPT_OUTPUT_FILE_0}\"\n";
			showEnvVarsInLog = 0;
		};
		E23CF0D45FCD9CC8395DF281 /* [CP] Copy Pods Resources */ = {
			isa = PBXShellScriptBuildPhase;
			buildActionMask = 2147483647;
			files = (
			);
			inputFileListPaths = (
				"${PODS_ROOT}/Target Support Files/Pods-LiteKitDemo/Pods-LiteKitDemo-resources-${CONFIGURATION}-input-files.xcfilelist",
			);
			name = "[CP] Copy Pods Resources";
			outputFileListPaths = (
				"${PODS_ROOT}/Target Support Files/Pods-LiteKitDemo/Pods-LiteKitDemo-resources-${CONFIGURATION}-output-files.xcfilelist",
			);
			runOnlyForDeploymentPostprocessing = 0;
			shellPath = /bin/sh;
			shellScript = "\"${PODS_ROOT}/Target Support Files/Pods-LiteKitDemo/Pods-LiteKitDemo-resources.sh\"\n";
			showEnvVarsInLog = 0;
		};
/* End PBXShellScriptBuildPhase section */

/* Begin PBXSourcesBuildPhase section */
		BC6A82DE24ADADAA000E9480 /* Sources */ = {
			isa = PBXSourcesBuildPhase;
			buildActionMask = 2147483647;
			files = (
				2723B9CD2685D3EE00D88FCE /* LiteKitOCRViewController.mm in Sources */,
				BCFDE3A824C9B6B5001A263A /* SegmentationImageViewController.mm in Sources */,
				BC6A830A24ADC526000E9480 /* SegmentationViewController.mm in Sources */,
				2723B9CE2685D3EE00D88FCE /* LiteKitPhotoSelector.m in Sources */,
				BC6A82ED24ADADAA000E9480 /* ViewController.m in Sources */,
				BC6A831024ADCE90000E9480 /* BaseDetectView.m in Sources */,
				BC6A830724ADC511000E9480 /* HandGestureViewController.m in Sources */,
				BC6A834B24AE3B65000E9480 /* HandGestureImageViewController.m in Sources */,
				2723B9CC2685D3EE00D88FCE /* LiteKitOCRView.m in Sources */,
				BC6A82E724ADADAA000E9480 /* AppDelegate.mm in Sources */,
				BC6A830D24ADC9D5000E9480 /* BaseViewController.m in Sources */,
				BC6A834824AE2458000E9480 /* HandGestureRecognizeView.m in Sources */,
				BC6A835B24AF67C4000E9480 /* litekit-swift.swift in Sources */,
				BC158F9124BC494C00308245 /* SuperResolutionViewController.mm in Sources */,
				BC6A82F824ADADAF000E9480 /* main.m in Sources */,
			);
			runOnlyForDeploymentPostprocessing = 0;
		};
/* End PBXSourcesBuildPhase section */

/* Begin PBXVariantGroup section */
		BC6A82EE24ADADAA000E9480 /* Main.storyboard */ = {
			isa = PBXVariantGroup;
			children = (
				BC6A82EF24ADADAA000E9480 /* Base */,
			);
			name = Main.storyboard;
			sourceTree = "<group>";
		};
		BC6A82F324ADADAF000E9480 /* LaunchScreen.storyboard */ = {
			isa = PBXVariantGroup;
			children = (
				BC6A82F424ADADAF000E9480 /* Base */,
			);
			name = LaunchScreen.storyboard;
			sourceTree = "<group>";
		};
/* End PBXVariantGroup section */

/* Begin XCBuildConfiguration section */
		BC6A82F924ADADAF000E9480 /* Debug */ = {
			isa = XCBuildConfiguration;
			buildSettings = {
				ALWAYS_SEARCH_USER_PATHS = NO;
				CLANG_ANALYZER_NONNULL = YES;
				CLANG_ANALYZER_NUMBER_OBJECT_CONVERSION = YES_AGGRESSIVE;
				CLANG_CXX_LANGUAGE_STANDARD = "gnu++14";
				CLANG_CXX_LIBRARY = "libc++";
				CLANG_ENABLE_MODULES = YES;
				CLANG_ENABLE_OBJC_ARC = YES;
				CLANG_ENABLE_OBJC_WEAK = YES;
				CLANG_WARN_BLOCK_CAPTURE_AUTORELEASING = YES;
				CLANG_WARN_BOOL_CONVERSION = YES;
				CLANG_WARN_COMMA = YES;
				CLANG_WARN_CONSTANT_CONVERSION = YES;
				CLANG_WARN_DEPRECATED_OBJC_IMPLEMENTATIONS = YES;
				CLANG_WARN_DIRECT_OBJC_ISA_USAGE = YES_ERROR;
				CLANG_WARN_DOCUMENTATION_COMMENTS = YES;
				CLANG_WARN_EMPTY_BODY = YES;
				CLANG_WARN_ENUM_CONVERSION = YES;
				CLANG_WARN_INFINITE_RECURSION = YES;
				CLANG_WARN_INT_CONVERSION = YES;
				CLANG_WARN_NON_LITERAL_NULL_CONVERSION = YES;
				CLANG_WARN_OBJC_IMPLICIT_RETAIN_SELF = YES;
				CLANG_WARN_OBJC_LITERAL_CONVERSION = YES;
				CLANG_WARN_OBJC_ROOT_CLASS = YES_ERROR;
				CLANG_WARN_RANGE_LOOP_ANALYSIS = YES;
				CLANG_WARN_STRICT_PROTOTYPES = YES;
				CLANG_WARN_SUSPICIOUS_MOVE = YES;
				CLANG_WARN_UNGUARDED_AVAILABILITY = YES_AGGRESSIVE;
				CLANG_WARN_UNREACHABLE_CODE = YES;
				CLANG_WARN__DUPLICATE_METHOD_MATCH = YES;
				COPY_PHASE_STRIP = NO;
				DEBUG_INFORMATION_FORMAT = dwarf;
				ENABLE_STRICT_OBJC_MSGSEND = YES;
				ENABLE_TESTABILITY = YES;
				GCC_C_LANGUAGE_STANDARD = gnu11;
				GCC_DYNAMIC_NO_PIC = NO;
				GCC_NO_COMMON_BLOCKS = YES;
				GCC_OPTIMIZATION_LEVEL = 0;
				GCC_PREPROCESSOR_DEFINITIONS = (
					"DEBUG=1",
					"$(inherited)",
				);
				GCC_WARN_64_TO_32_BIT_CONVERSION = YES;
				GCC_WARN_ABOUT_RETURN_TYPE = YES_ERROR;
				GCC_WARN_UNDECLARED_SELECTOR = YES;
				GCC_WARN_UNINITIALIZED_AUTOS = YES_AGGRESSIVE;
				GCC_WARN_UNUSED_FUNCTION = YES;
				GCC_WARN_UNUSED_VARIABLE = YES;
				IPHONEOS_DEPLOYMENT_TARGET = 13.4;
				MTL_ENABLE_DEBUG_INFO = INCLUDE_SOURCE;
				MTL_FAST_MATH = YES;
				ONLY_ACTIVE_ARCH = YES;
				SDKROOT = iphoneos;
			};
			name = Debug;
		};
		BC6A82FA24ADADAF000E9480 /* Release */ = {
			isa = XCBuildConfiguration;
			buildSettings = {
				ALWAYS_SEARCH_USER_PATHS = NO;
				CLANG_ANALYZER_NONNULL = YES;
				CLANG_ANALYZER_NUMBER_OBJECT_CONVERSION = YES_AGGRESSIVE;
				CLANG_CXX_LANGUAGE_STANDARD = "gnu++14";
				CLANG_CXX_LIBRARY = "libc++";
				CLANG_ENABLE_MODULES = YES;
				CLANG_ENABLE_OBJC_ARC = YES;
				CLANG_ENABLE_OBJC_WEAK = YES;
				CLANG_WARN_BLOCK_CAPTURE_AUTORELEASING = YES;
				CLANG_WARN_BOOL_CONVERSION = YES;
				CLANG_WARN_COMMA = YES;
				CLANG_WARN_CONSTANT_CONVERSION = YES;
				CLANG_WARN_DEPRECATED_OBJC_IMPLEMENTATIONS = YES;
				CLANG_WARN_DIRECT_OBJC_ISA_USAGE = YES_ERROR;
				CLANG_WARN_DOCUMENTATION_COMMENTS = YES;
				CLANG_WARN_EMPTY_BODY = YES;
				CLANG_WARN_ENUM_CONVERSION = YES;
				CLANG_WARN_INFINITE_RECURSION = YES;
				CLANG_WARN_INT_CONVERSION = YES;
				CLANG_WARN_NON_LITERAL_NULL_CONVERSION = YES;
				CLANG_WARN_OBJC_IMPLICIT_RETAIN_SELF = YES;
				CLANG_WARN_OBJC_LITERAL_CONVERSION = YES;
				CLANG_WARN_OBJC_ROOT_CLASS = YES_ERROR;
				CLANG_WARN_RANGE_LOOP_ANALYSIS = YES;
				CLANG_WARN_STRICT_PROTOTYPES = YES;
				CLANG_WARN_SUSPICIOUS_MOVE = YES;
				CLANG_WARN_UNGUARDED_AVAILABILITY = YES_AGGRESSIVE;
				CLANG_WARN_UNREACHABLE_CODE = YES;
				CLANG_WARN__DUPLICATE_METHOD_MATCH = YES;
				COPY_PHASE_STRIP = NO;
				DEBUG_INFORMATION_FORMAT = "dwarf-with-dsym";
				ENABLE_NS_ASSERTIONS = NO;
				ENABLE_STRICT_OBJC_MSGSEND = YES;
				GCC_C_LANGUAGE_STANDARD = gnu11;
				GCC_NO_COMMON_BLOCKS = YES;
				GCC_WARN_64_TO_32_BIT_CONVERSION = YES;
				GCC_WARN_ABOUT_RETURN_TYPE = YES_ERROR;
				GCC_WARN_UNDECLARED_SELECTOR = YES;
				GCC_WARN_UNINITIALIZED_AUTOS = YES_AGGRESSIVE;
				GCC_WARN_UNUSED_FUNCTION = YES;
				GCC_WARN_UNUSED_VARIABLE = YES;
				IPHONEOS_DEPLOYMENT_TARGET = 13.4;
				MTL_ENABLE_DEBUG_INFO = NO;
				MTL_FAST_MATH = YES;
				SDKROOT = iphoneos;
				VALIDATE_PRODUCT = YES;
			};
			name = Release;
		};
		BC6A82FC24ADADAF000E9480 /* Debug */ = {
			isa = XCBuildConfiguration;
			baseConfigurationReference = FC3C7F89767BFED528745DE8 /* Pods-LiteKitDemo.debug.xcconfig */;
			buildSettings = {
				ALWAYS_SEARCH_USER_PATHS = NO;
				ASSETCATALOG_COMPILER_APPICON_NAME = AppIcon;
				CLANG_ENABLE_MODULES = YES;
				CODE_SIGN_STYLE = Automatic;
				DEVELOPMENT_TEAM = 95V4CMQNYA;
				FRAMEWORK_SEARCH_PATHS = "$(inherited)";
				HEADER_SEARCH_PATHS = "";
				INFOPLIST_FILE = LiteKitDemo/Info.plist;
				IPHONEOS_DEPLOYMENT_TARGET = 10.0;
				LD_RUNPATH_SEARCH_PATHS = (
					"$(inherited)",
					"@executable_path/Frameworks",
				);
				LIBRARY_SEARCH_PATHS = "$(inherited)";
				OTHER_LDFLAGS = "$(inherited)";
				PRODUCT_BUNDLE_IDENTIFIER = com.baidu.LiteKit.LiteKitDemo;
				PRODUCT_NAME = "$(TARGET_NAME)";
				SWIFT_OBJC_BRIDGING_HEADER = "LiteKitDemo/LiteKitDemo-Bridging-Header.h";
				SWIFT_OPTIMIZATION_LEVEL = "-Onone";
				SWIFT_VERSION = 5.0;
				TARGETED_DEVICE_FAMILY = "1,2";
			};
			name = Debug;
		};
		BC6A82FD24ADADAF000E9480 /* Release */ = {
			isa = XCBuildConfiguration;
			baseConfigurationReference = A32FF356C3EBCAD794D931D0 /* Pods-LiteKitDemo.release.xcconfig */;
			buildSettings = {
				ALWAYS_SEARCH_USER_PATHS = NO;
				ASSETCATALOG_COMPILER_APPICON_NAME = AppIcon;
				CLANG_ENABLE_MODULES = YES;
				CODE_SIGN_STYLE = Automatic;
				DEVELOPMENT_TEAM = 95V4CMQNYA;
				FRAMEWORK_SEARCH_PATHS = "$(inherited)";
				HEADER_SEARCH_PATHS = "";
				INFOPLIST_FILE = LiteKitDemo/Info.plist;
				IPHONEOS_DEPLOYMENT_TARGET = 10.0;
				LD_RUNPATH_SEARCH_PATHS = (
					"$(inherited)",
					"@executable_path/Frameworks",
				);
				LIBRARY_SEARCH_PATHS = "$(inherited)";
				OTHER_LDFLAGS = "$(inherited)";
				PRODUCT_BUNDLE_IDENTIFIER = com.baidu.LiteKit.LiteKitDemo;
				PRODUCT_NAME = "$(TARGET_NAME)";
				SWIFT_OBJC_BRIDGING_HEADER = "LiteKitDemo/LiteKitDemo-Bridging-Header.h";
				SWIFT_VERSION = 5.0;
				TARGETED_DEVICE_FAMILY = "1,2";
			};
			name = Release;
		};
/* End XCBuildConfiguration section */

/* Begin XCConfigurationList section */
		BC6A82DD24ADADAA000E9480 /* Build configuration list for PBXProject "LiteKitDemo" */ = {
			isa = XCConfigurationList;
			buildConfigurations = (
				BC6A82F924ADADAF000E9480 /* Debug */,
				BC6A82FA24ADADAF000E9480 /* Release */,
			);
			defaultConfigurationIsVisible = 0;
			defaultConfigurationName = Release;
		};
		BC6A82FB24ADADAF000E9480 /* Build configuration list for PBXNativeTarget "LiteKitDemo" */ = {
			isa = XCConfigurationList;
			buildConfigurations = (
				BC6A82FC24ADADAF000E9480 /* Debug */,
				BC6A82FD24ADADAF000E9480 /* Release */,
			);
			defaultConfigurationIsVisible = 0;
			defaultConfigurationName = Release;
		};
/* End XCConfigurationList section */
	};
	rootObject = BC6A82DA24ADADAA000E9480 /* Project object */;
}
