// !$*UTF8*$!
{
	archiveVersion = 1;
	classes = {
	};
	objectVersion = 51;
	objects = {

/* Begin PBXBuildFile section */
		27179F58257F64E8006B6E71 /* LiteKitCoreDemo.bundle in Resources */ = {isa = PBXBuildFile; fileRef = 27179F57257F64E8006B6E71 /* LiteKitCoreDemo.bundle */; };
		27B9F2A224E0008600CD423B /* AppDelegate.m in Sources */ = {isa = PBXBuildFile; fileRef = 27B9F2A124E0008600CD423B /* AppDelegate.m */; };
		27B9F2B324E0008800CD423B /* main.m in Sources */ = {isa = PBXBuildFile; fileRef = 27B9F2B224E0008800CD423B /* main.m */; };
		27B9F2BE24E0015E00CD423B /* ViewController+LiteKitCore_CPP.mm in Sources */ = {isa = PBXBuildFile; fileRef = 27B9F2B924E0015D00CD423B /* ViewController+LiteKitCore_CPP.mm */; };
		27B9F2BF24E0015E00CD423B /* ViewController.mm in Sources */ = {isa = PBXBuildFile; fileRef = 27B9F2BA24E0015D00CD423B /* ViewController.mm */; };
		27B9F2C024E0015E00CD423B /* ViewController+LiteKitCore_OC.mm in Sources */ = {isa = PBXBuildFile; fileRef = 27B9F2BB24E0015D00CD423B /* ViewController+LiteKitCore_OC.mm */; };
		27B9F2CD24E00C1700CD423B /* Default-568h@2x.png in Resources */ = {isa = PBXBuildFile; fileRef = 27B9F2CC24E00C1700CD423B /* Default-568h@2x.png */; };
		27B9FBB224E2AA2C00CD423B /* File.swift in Sources */ = {isa = PBXBuildFile; fileRef = 27B9FBB124E2AA2C00CD423B /* File.swift */; };
		D8DFC169E73F79C393C8F2FB /* libPods-LiteKitCoreDemo.a in Frameworks */ = {isa = PBXBuildFile; fileRef = BEF4E1D44EFB7285391A797A /* libPods-LiteKitCoreDemo.a */; };
/* End PBXBuildFile section */

/* Begin PBXFileReference section */
		27179F57257F64E8006B6E71 /* LiteKitCoreDemo.bundle */ = {isa = PBXFileReference; lastKnownFileType = "wrapper.plug-in"; name = LiteKitCoreDemo.bundle; path = LiteKitCoreDemo/Resources/litekitcore_models/LiteKitCoreDemo.bundle; sourceTree = "<group>"; };
		27B9F29D24E0008600CD423B /* LiteKitCoreDemo.app */ = {isa = PBXFileReference; explicitFileType = wrapper.application; includeInIndex = 0; path = LiteKitCoreDemo.app; sourceTree = BUILT_PRODUCTS_DIR; };
		27B9F2A024E0008600CD423B /* AppDelegate.h */ = {isa = PBXFileReference; lastKnownFileType = sourcecode.c.h; path = AppDelegate.h; sourceTree = "<group>"; };
		27B9F2A124E0008600CD423B /* AppDelegate.m */ = {isa = PBXFileReference; lastKnownFileType = sourcecode.c.objc; path = AppDelegate.m; sourceTree = "<group>"; };
		27B9F2A624E0008600CD423B /* ViewController.h */ = {isa = PBXFileReference; lastKnownFileType = sourcecode.c.h; path = ViewController.h; sourceTree = "<group>"; };
		27B9F2B124E0008800CD423B /* Info.plist */ = {isa = PBXFileReference; lastKnownFileType = text.plist.xml; name = Info.plist; path = LiteKitCoreDemo/Info.plist; sourceTree = "<group>"; };
		27B9F2B224E0008800CD423B /* main.m */ = {isa = PBXFileReference; lastKnownFileType = sourcecode.c.objc; path = main.m; sourceTree = "<group>"; };
		27B9F2B924E0015D00CD423B /* ViewController+LiteKitCore_CPP.mm */ = {isa = PBXFileReference; fileEncoding = 4; lastKnownFileType = sourcecode.cpp.objcpp; path = "ViewController+LiteKitCore_CPP.mm"; sourceTree = "<group>"; };
		27B9F2BA24E0015D00CD423B /* ViewController.mm */ = {isa = PBXFileReference; fileEncoding = 4; lastKnownFileType = sourcecode.cpp.objcpp; path = ViewController.mm; sourceTree = "<group>"; };
		27B9F2BB24E0015D00CD423B /* ViewController+LiteKitCore_OC.mm */ = {isa = PBXFileReference; fileEncoding = 4; lastKnownFileType = sourcecode.cpp.objcpp; path = "ViewController+LiteKitCore_OC.mm"; sourceTree = "<group>"; };
		27B9F2BC24E0015D00CD423B /* ViewController+LiteKitCore_CPP.h */ = {isa = PBXFileReference; fileEncoding = 4; lastKnownFileType = sourcecode.c.h; path = "ViewController+LiteKitCore_CPP.h"; sourceTree = "<group>"; };
		27B9F2BD24E0015E00CD423B /* ViewController+LiteKitCore_OC.h */ = {isa = PBXFileReference; fileEncoding = 4; lastKnownFileType = sourcecode.c.h; path = "ViewController+LiteKitCore_OC.h"; sourceTree = "<group>"; };
		27B9F2CC24E00C1700CD423B /* Default-568h@2x.png */ = {isa = PBXFileReference; lastKnownFileType = image.png; name = "Default-568h@2x.png"; path = "LiteKitCoreDemo/Resources/Default-568h@2x.png"; sourceTree = "<group>"; };
		27B9FBB024E2AA2B00CD423B /* LiteKitCoreDemo-Bridging-Header.h */ = {isa = PBXFileReference; lastKnownFileType = sourcecode.c.h; path = "LiteKitCoreDemo-Bridging-Header.h"; sourceTree = "<group>"; };
		27B9FBB124E2AA2C00CD423B /* File.swift */ = {isa = PBXFileReference; lastKnownFileType = sourcecode.swift; path = File.swift; sourceTree = "<group>"; };
		96343F7CD67EE38940239A78 /* Pods-LiteKitCoreDemo.release.xcconfig */ = {isa = PBXFileReference; includeInIndex = 1; lastKnownFileType = text.xcconfig; name = "Pods-LiteKitCoreDemo.release.xcconfig"; path = "Target Support Files/Pods-LiteKitCoreDemo/Pods-LiteKitCoreDemo.release.xcconfig"; sourceTree = "<group>"; };
		BEF4E1D44EFB7285391A797A /* libPods-LiteKitCoreDemo.a */ = {isa = PBXFileReference; explicitFileType = archive.ar; includeInIndex = 0; path = "libPods-LiteKitCoreDemo.a"; sourceTree = BUILT_PRODUCTS_DIR; };
		F3A3DA63E51748B383701ADE /* Pods-LiteKitCoreDemo.debug.xcconfig */ = {isa = PBXFileReference; includeInIndex = 1; lastKnownFileType = text.xcconfig; name = "Pods-LiteKitCoreDemo.debug.xcconfig"; path = "Target Support Files/Pods-LiteKitCoreDemo/Pods-LiteKitCoreDemo.debug.xcconfig"; sourceTree = "<group>"; };
/* End PBXFileReference section */

/* Begin PBXFrameworksBuildPhase section */
		27B9F29A24E0008600CD423B /* Frameworks */ = {
			isa = PBXFrameworksBuildPhase;
			buildActionMask = 2147483647;
			files = (
				D8DFC169E73F79C393C8F2FB /* libPods-LiteKitCoreDemo.a in Frameworks */,
			);
			runOnlyForDeploymentPostprocessing = 0;
		};
/* End PBXFrameworksBuildPhase section */

/* Begin PBXGroup section */
		049DF31771CD0D40F577A7E4 /* Pods */ = {
			isa = PBXGroup;
			children = (
				F3A3DA63E51748B383701ADE /* Pods-LiteKitCoreDemo.debug.xcconfig */,
				96343F7CD67EE38940239A78 /* Pods-LiteKitCoreDemo.release.xcconfig */,
			);
			path = Pods;
			sourceTree = "<group>";
		};
		27B9F29424E0008600CD423B = {
			isa = PBXGroup;
			children = (
				27B9F29F24E0008600CD423B /* LiteKitCoreDemo */,
				27B9F2C724E00B5B00CD423B /* Resources */,
				27B9F29E24E0008600CD423B /* Products */,
				27B9FBAE24E2A73D00CD423B /* Frameworks */,
				049DF31771CD0D40F577A7E4 /* Pods */,
			);
			sourceTree = "<group>";
		};
		27B9F29E24E0008600CD423B /* Products */ = {
			isa = PBXGroup;
			children = (
				27B9F29D24E0008600CD423B /* LiteKitCoreDemo.app */,
			);
			name = Products;
			sourceTree = "<group>";
		};
		27B9F29F24E0008600CD423B /* LiteKitCoreDemo */ = {
			isa = PBXGroup;
			children = (
				27B9F2A624E0008600CD423B /* ViewController.h */,
				27B9F2BA24E0015D00CD423B /* ViewController.mm */,
				27B9F2BC24E0015D00CD423B /* ViewController+LiteKitCore_CPP.h */,
				27B9F2B924E0015D00CD423B /* ViewController+LiteKitCore_CPP.mm */,
				27B9F2BD24E0015E00CD423B /* ViewController+LiteKitCore_OC.h */,
				27B9F2BB24E0015D00CD423B /* ViewController+LiteKitCore_OC.mm */,
				27B9F2A024E0008600CD423B /* AppDelegate.h */,
				27B9F2A124E0008600CD423B /* AppDelegate.m */,
				27B9F2B224E0008800CD423B /* main.m */,
				27B9FBB124E2AA2C00CD423B /* File.swift */,
				27B9FBB024E2AA2B00CD423B /* LiteKitCoreDemo-Bridging-Header.h */,
			);
			path = LiteKitCoreDemo;
			sourceTree = "<group>";
		};
		27B9F2C724E00B5B00CD423B /* Resources */ = {
			isa = PBXGroup;
			children = (
				27B9F2CC24E00C1700CD423B /* Default-568h@2x.png */,
				27179F57257F64E8006B6E71 /* LiteKitCoreDemo.bundle */,
				27B9F2B124E0008800CD423B /* Info.plist */,
			);
			name = Resources;
			sourceTree = "<group>";
		};
		27B9FBAE24E2A73D00CD423B /* Frameworks */ = {
			isa = PBXGroup;
			children = (
				BEF4E1D44EFB7285391A797A /* libPods-LiteKitCoreDemo.a */,
			);
			name = Frameworks;
			sourceTree = "<group>";
		};
/* End PBXGroup section */

/* Begin PBXNativeTarget section */
		27B9F29C24E0008600CD423B /* LiteKitCoreDemo */ = {
			isa = PBXNativeTarget;
			buildConfigurationList = 27B9F2B624E0008800CD423B /* Build configuration list for PBXNativeTarget "LiteKitCoreDemo" */;
			buildPhases = (
				8B8FCCF665099088C59DC828 /* [CP] Check Pods Manifest.lock */,
				27B9F29924E0008600CD423B /* Sources */,
				27B9F29A24E0008600CD423B /* Frameworks */,
				27B9F29B24E0008600CD423B /* Resources */,
				ACDBA8F894E4D1B31BA19DCA /* [CP] Copy Pods Resources */,
			);
			buildRules = (
			);
			dependencies = (
			);
			name = LiteKitCoreDemo;
			productName = MMLDemo;
			productReference = 27B9F29D24E0008600CD423B /* LiteKitCoreDemo.app */;
			productType = "com.apple.product-type.application";
		};
/* End PBXNativeTarget section */

/* Begin PBXProject section */
		27B9F29524E0008600CD423B /* Project object */ = {
			isa = PBXProject;
			attributes = {
				LastUpgradeCheck = 1160;
				ORGANIZATIONNAME = Baidu;
				TargetAttributes = {
					27B9F29C24E0008600CD423B = {
						CreatedOnToolsVersion = 11.6;
						LastSwiftMigration = 1160;
					};
				};
			};
			buildConfigurationList = 27B9F29824E0008600CD423B /* Build configuration list for PBXProject "LiteKitCoreDemo" */;
			compatibilityVersion = "Xcode 9.3";
			developmentRegion = en;
			hasScannedForEncodings = 0;
			knownRegions = (
				en,
				Base,
			);
			mainGroup = 27B9F29424E0008600CD423B;
			productRefGroup = 27B9F29E24E0008600CD423B /* Products */;
			projectDirPath = "";
			projectRoot = "";
			targets = (
				27B9F29C24E0008600CD423B /* LiteKitCoreDemo */,
			);
		};
/* End PBXProject section */

/* Begin PBXResourcesBuildPhase section */
		27B9F29B24E0008600CD423B /* Resources */ = {
			isa = PBXResourcesBuildPhase;
			buildActionMask = 2147483647;
			files = (
				27179F58257F64E8006B6E71 /* LiteKitCoreDemo.bundle in Resources */,
				27B9F2CD24E00C1700CD423B /* Default-568h@2x.png in Resources */,
			);
			runOnlyForDeploymentPostprocessing = 0;
		};
/* End PBXResourcesBuildPhase section */

/* Begin PBXShellScriptBuildPhase section */
		8B8FCCF665099088C59DC828 /* [CP] Check Pods Manifest.lock */ = {
			isa = PBXShellScriptBuildPhase;
			buildActionMask = 2147483647;
			files = (
			);
			inputFileListPaths = (
			);
			inputPaths = (
				"${PODS_PODFILE_DIR_PATH}/Podfile.lock",
				"${PODS_ROOT}/Manifest.lock",
			);
			name = "[CP] Check Pods Manifest.lock";
			outputFileListPaths = (
			);
			outputPaths = (
				"$(DERIVED_FILE_DIR)/Pods-LiteKitCoreDemo-checkManifestLockResult.txt",
			);
			runOnlyForDeploymentPostprocessing = 0;
			shellPath = /bin/sh;
			shellScript = "diff \"${PODS_PODFILE_DIR_PATH}/Podfile.lock\" \"${PODS_ROOT}/Manifest.lock\" > /dev/null\nif [ $? != 0 ] ; then\n    # print error to STDERR\n    echo \"error: The sandbox is not in sync with the Podfile.lock. Run 'pod install' or update your CocoaPods installation.\" >&2\n    exit 1\nfi\n# This output is used by Xcode 'outputs' to avoid re-running this script phase.\necho \"SUCCESS\" > \"${SCRIPT_OUTPUT_FILE_0}\"\n";
			showEnvVarsInLog = 0;
		};
		ACDBA8F894E4D1B31BA19DCA /* [CP] Copy Pods Resources */ = {
			isa = PBXShellScriptBuildPhase;
			buildActionMask = 2147483647;
			files = (
			);
			inputFileListPaths = (
				"${PODS_ROOT}/Target Support Files/Pods-LiteKitCoreDemo/Pods-LiteKitCoreDemo-resources-${CONFIGURATION}-input-files.xcfilelist",
			);
			name = "[CP] Copy Pods Resources";
			outputFileListPaths = (
				"${PODS_ROOT}/Target Support Files/Pods-LiteKitCoreDemo/Pods-LiteKitCoreDemo-resources-${CONFIGURATION}-output-files.xcfilelist",
			);
			runOnlyForDeploymentPostprocessing = 0;
			shellPath = /bin/sh;
			shellScript = "\"${PODS_ROOT}/Target Support Files/Pods-LiteKitCoreDemo/Pods-LiteKitCoreDemo-resources.sh\"\n";
			showEnvVarsInLog = 0;
		};
/* End PBXShellScriptBuildPhase section */

/* Begin PBXSourcesBuildPhase section */
		27B9F29924E0008600CD423B /* Sources */ = {
			isa = PBXSourcesBuildPhase;
			buildActionMask = 2147483647;
			files = (
				27B9F2BE24E0015E00CD423B /* ViewController+LiteKitCore_CPP.mm in Sources */,
				27B9F2BF24E0015E00CD423B /* ViewController.mm in Sources */,
				27B9FBB224E2AA2C00CD423B /* File.swift in Sources */,
				27B9F2A224E0008600CD423B /* AppDelegate.m in Sources */,
				27B9F2B324E0008800CD423B /* main.m in Sources */,
				27B9F2C024E0015E00CD423B /* ViewController+LiteKitCore_OC.mm in Sources */,
			);
			runOnlyForDeploymentPostprocessing = 0;
		};
/* End PBXSourcesBuildPhase section */

/* Begin XCBuildConfiguration section */
		27B9F2B424E0008800CD423B /* Debug */ = {
			isa = XCBuildConfiguration;
			buildSettings = {
				ALWAYS_SEARCH_USER_PATHS = NO;
				CLANG_ANALYZER_NONNULL = YES;
				CLANG_ANALYZER_NUMBER_OBJECT_CONVERSION = YES_AGGRESSIVE;
				CLANG_CXX_LANGUAGE_STANDARD = "gnu++14";
				CLANG_CXX_LIBRARY = "libc++";
				CLANG_ENABLE_MODULES = YES;
				CLANG_ENABLE_OBJC_ARC = YES;
				CLANG_ENABLE_OBJC_WEAK = YES;
				CLANG_WARN_BLOCK_CAPTURE_AUTORELEASING = YES;
				CLANG_WARN_BOOL_CONVERSION = YES;
				CLANG_WARN_COMMA = YES;
				CLANG_WARN_CONSTANT_CONVERSION = YES;
				CLANG_WARN_DEPRECATED_OBJC_IMPLEMENTATIONS = YES;
				CLANG_WARN_DIRECT_OBJC_ISA_USAGE = YES_ERROR;
				CLANG_WARN_DOCUMENTATION_COMMENTS = YES;
				CLANG_WARN_EMPTY_BODY = YES;
				CLANG_WARN_ENUM_CONVERSION = YES;
				CLANG_WARN_INFINITE_RECURSION = YES;
				CLANG_WARN_INT_CONVERSION = YES;
				CLANG_WARN_NON_LITERAL_NULL_CONVERSION = YES;
				CLANG_WARN_OBJC_IMPLICIT_RETAIN_SELF = YES;
				CLANG_WARN_OBJC_LITERAL_CONVERSION = YES;
				CLANG_WARN_OBJC_ROOT_CLASS = YES_ERROR;
				CLANG_WARN_RANGE_LOOP_ANALYSIS = YES;
				CLANG_WARN_STRICT_PROTOTYPES = YES;
				CLANG_WARN_SUSPICIOUS_MOVE = YES;
				CLANG_WARN_UNGUARDED_AVAILABILITY = YES_AGGRESSIVE;
				CLANG_WARN_UNREACHABLE_CODE = YES;
				CLANG_WARN__DUPLICATE_METHOD_MATCH = YES;
				COPY_PHASE_STRIP = NO;
				DEBUG_INFORMATION_FORMAT = dwarf;
				ENABLE_STRICT_OBJC_MSGSEND = YES;
				ENABLE_TESTABILITY = YES;
				FRAMEWORK_SEARCH_PATHS = "\"$(SRCROOT)/Dependence\"/**";
				GCC_C_LANGUAGE_STANDARD = gnu11;
				GCC_DYNAMIC_NO_PIC = NO;
				GCC_NO_COMMON_BLOCKS = YES;
				GCC_OPTIMIZATION_LEVEL = 0;
				GCC_PREPROCESSOR_DEFINITIONS = (
					"DEBUG=1",
					"$(inherited)",
				);
				GCC_WARN_64_TO_32_BIT_CONVERSION = YES;
				GCC_WARN_ABOUT_RETURN_TYPE = YES_ERROR;
				GCC_WARN_UNDECLARED_SELECTOR = YES;
				GCC_WARN_UNINITIALIZED_AUTOS = YES_AGGRESSIVE;
				GCC_WARN_UNUSED_FUNCTION = YES;
				GCC_WARN_UNUSED_VARIABLE = YES;
				HEADER_SEARCH_PATHS = "\"$(SRCROOT)/Dependence/LiteKitCoreNative/include/\"/**";
				IPHONEOS_DEPLOYMENT_TARGET = 13.6;
				LIBRARY_SEARCH_PATHS = "\"$(SRCROOT)/Dependence\"/**";
				MTL_ENABLE_DEBUG_INFO = INCLUDE_SOURCE;
				MTL_FAST_MATH = YES;
				ONLY_ACTIVE_ARCH = YES;
				OTHER_LDFLAGS = (
					"-l\"litekit_framework_ios\"",
					"-force_load",
					"\"$(SRCROOT)/Dependence/LiteKitCore.framework/LiteKitCore\"",
				);
				SDKROOT = iphoneos;
			};
			name = Debug;
		};
		27B9F2B524E0008800CD423B /* Release */ = {
			isa = XCBuildConfiguration;
			buildSettings = {
				ALWAYS_SEARCH_USER_PATHS = NO;
				CLANG_ANALYZER_NONNULL = YES;
				CLANG_ANALYZER_NUMBER_OBJECT_CONVERSION = YES_AGGRESSIVE;
				CLANG_CXX_LANGUAGE_STANDARD = "gnu++14";
				CLANG_CXX_LIBRARY = "libc++";
				CLANG_ENABLE_MODULES = YES;
				CLANG_ENABLE_OBJC_ARC = YES;
				CLANG_ENABLE_OBJC_WEAK = YES;
				CLANG_WARN_BLOCK_CAPTURE_AUTORELEASING = YES;
				CLANG_WARN_BOOL_CONVERSION = YES;
				CLANG_WARN_COMMA = YES;
				CLANG_WARN_CONSTANT_CONVERSION = YES;
				CLANG_WARN_DEPRECATED_OBJC_IMPLEMENTATIONS = YES;
				CLANG_WARN_DIRECT_OBJC_ISA_USAGE = YES_ERROR;
				CLANG_WARN_DOCUMENTATION_COMMENTS = YES;
				CLANG_WARN_EMPTY_BODY = YES;
				CLANG_WARN_ENUM_CONVERSION = YES;
				CLANG_WARN_INFINITE_RECURSION = YES;
				CLANG_WARN_INT_CONVERSION = YES;
				CLANG_WARN_NON_LITERAL_NULL_CONVERSION = YES;
				CLANG_WARN_OBJC_IMPLICIT_RETAIN_SELF = YES;
				CLANG_WARN_OBJC_LITERAL_CONVERSION = YES;
				CLANG_WARN_OBJC_ROOT_CLASS = YES_ERROR;
				CLANG_WARN_RANGE_LOOP_ANALYSIS = YES;
				CLANG_WARN_STRICT_PROTOTYPES = YES;
				CLANG_WARN_SUSPICIOUS_MOVE = YES;
				CLANG_WARN_UNGUARDED_AVAILABILITY = YES_AGGRESSIVE;
				CLANG_WARN_UNREACHABLE_CODE = YES;
				CLANG_WARN__DUPLICATE_METHOD_MATCH = YES;
				COPY_PHASE_STRIP = NO;
				DEBUG_INFORMATION_FORMAT = "dwarf-with-dsym";
				ENABLE_NS_ASSERTIONS = NO;
				ENABLE_STRICT_OBJC_MSGSEND = YES;
				FRAMEWORK_SEARCH_PATHS = "\"$(SRCROOT)/Dependence\"/**";
				GCC_C_LANGUAGE_STANDARD = gnu11;
				GCC_NO_COMMON_BLOCKS = YES;
				GCC_WARN_64_TO_32_BIT_CONVERSION = YES;
				GCC_WARN_ABOUT_RETURN_TYPE = YES_ERROR;
				GCC_WARN_UNDECLARED_SELECTOR = YES;
				GCC_WARN_UNINITIALIZED_AUTOS = YES_AGGRESSIVE;
				GCC_WARN_UNUSED_FUNCTION = YES;
				GCC_WARN_UNUSED_VARIABLE = YES;
				HEADER_SEARCH_PATHS = "\"$(SRCROOT)/Dependence/LiteKitCoreNative/include/\"/**";
				IPHONEOS_DEPLOYMENT_TARGET = 13.6;
				LIBRARY_SEARCH_PATHS = "\"$(SRCROOT)/Dependence\"/**";
				MTL_ENABLE_DEBUG_INFO = NO;
				MTL_FAST_MATH = YES;
				OTHER_LDFLAGS = (
					"-l\"litekit_framework_ios\"",
					"-force_load",
					"\"$(SRCROOT)/Dependence/LiteKitCore.framework/LiteKitCore\"",
				);
				SDKROOT = iphoneos;
				VALIDATE_PRODUCT = YES;
			};
			name = Release;
		};
		27B9F2B724E0008800CD423B /* Debug */ = {
			isa = XCBuildConfiguration;
			baseConfigurationReference = F3A3DA63E51748B383701ADE /* Pods-LiteKitCoreDemo.debug.xcconfig */;
			buildSettings = {
				ASSETCATALOG_COMPILER_APPICON_NAME = AppIcon;
				CLANG_ENABLE_MODULES = YES;
				CODE_SIGN_STYLE = Automatic;
				DEVELOPMENT_TEAM = 95V4CMQNYA;
				FRAMEWORK_SEARCH_PATHS = "$(inherited)/**";
				HEADER_SEARCH_PATHS = "$(inherited)";
				INFOPLIST_FILE = LiteKitCoreDemo/Info.plist;
				IPHONEOS_DEPLOYMENT_TARGET = 12.0;
				LD_RUNPATH_SEARCH_PATHS = (
					"$(inherited)",
					"@executable_path/Frameworks",
				);
				LIBRARY_SEARCH_PATHS = "$(inherited)/**";
				OTHER_LDFLAGS = "$(inherited)";
				PRODUCT_BUNDLE_IDENTIFIER = com.baidu.litekitcore.demo;
				PRODUCT_NAME = "$(TARGET_NAME)";
				SWIFT_OBJC_BRIDGING_HEADER = "LiteKitCoreDemo/LiteKitCoreDemo-Bridging-Header.h";
				SWIFT_OPTIMIZATION_LEVEL = "-Onone";
				SWIFT_VERSION = 5.0;
				TARGETED_DEVICE_FAMILY = "1,2";
			};
			name = Debug;
		};
		27B9F2B824E0008800CD423B /* Release */ = {
			isa = XCBuildConfiguration;
			baseConfigurationReference = 96343F7CD67EE38940239A78 /* Pods-LiteKitCoreDemo.release.xcconfig */;
			buildSettings = {
				ASSETCATALOG_COMPILER_APPICON_NAME = AppIcon;
				CLANG_ENABLE_MODULES = YES;
				CODE_SIGN_STYLE = Automatic;
				DEVELOPMENT_TEAM = 95V4CMQNYA;
				FRAMEWORK_SEARCH_PATHS = "$(inherited)/**";
				HEADER_SEARCH_PATHS = "$(inherited)";
				INFOPLIST_FILE = LiteKitCoreDemo/Info.plist;
				IPHONEOS_DEPLOYMENT_TARGET = 12.0;
				LD_RUNPATH_SEARCH_PATHS = (
					"$(inherited)",
					"@executable_path/Frameworks",
				);
				LIBRARY_SEARCH_PATHS = "$(inherited)/**";
				OTHER_LDFLAGS = "$(inherited)";
				PRODUCT_BUNDLE_IDENTIFIER = com.baidu.litekitcore.demo;
				PRODUCT_NAME = "$(TARGET_NAME)";
				SWIFT_OBJC_BRIDGING_HEADER = "LiteKitCoreDemo/LiteKitCoreDemo-Bridging-Header.h";
				SWIFT_VERSION = 5.0;
				TARGETED_DEVICE_FAMILY = "1,2";
			};
			name = Release;
		};
/* End XCBuildConfiguration section */

/* Begin XCConfigurationList section */
		27B9F29824E0008600CD423B /* Build configuration list for PBXProject "LiteKitCoreDemo" */ = {
			isa = XCConfigurationList;
			buildConfigurations = (
				27B9F2B424E0008800CD423B /* Debug */,
				27B9F2B524E0008800CD423B /* Release */,
			);
			defaultConfigurationIsVisible = 0;
			defaultConfigurationName = Release;
		};
		27B9F2B624E0008800CD423B /* Build configuration list for PBXNativeTarget "LiteKitCoreDemo" */ = {
			isa = XCConfigurationList;
			buildConfigurations = (
				27B9F2B724E0008800CD423B /* Debug */,
				27B9F2B824E0008800CD423B /* Release */,
			);
			defaultConfigurationIsVisible = 0;
			defaultConfigurationName = Release;
		};
/* End XCConfigurationList section */
	};
	rootObject = 27B9F29524E0008600CD423B /* Project object */;
}
